
Microsoft Visual Studio Solution File, Format Version 12.00
# Visual Studio Version 16
VisualStudioVersion = 16.0.30114.105
MinimumVisualStudioVersion = 10.0.40219.1
Project("{9A19103F-16F7-4668-BE54-9A1E7A4F7556}") = "ExerciseInputOutput", "ExerciseInputOutput\ExerciseInputOutput.csproj", "{2288451A-DE23-45DC-8E9B-3C894786D4D5}"
EndProject
Project("{9A19103F-16F7-4668-BE54-9A1E7A4F7556}") = "ExerciseNumericTypes", "ExerciseNumericTypes\ExerciseNumericTypes.csproj", "{B499B2AD-F1BE-4BC9-8C8F-777506F19E9D}"
EndProject
Project("{9A19103F-16F7-4668-BE54-9A1E7A4F7556}") = "ExerciseMoreNumericTypes", "ExerciseMoreNumericTypes\ExerciseMoreNumericTypes.csproj", "{89C24942-5743-40E2-9C04-15AF44F66093}"
EndProject
Project("{9A19103F-16F7-4668-BE54-9A1E7A4F7556}") = "ExerciseStrings", "ExerciseStrings\ExerciseStrings.csproj", "{2800C0B3-378B-4C42-A67E-3149DC848036}"
EndProject
Global
	GlobalSection(SolutionConfigurationPlatforms) = preSolution
		Debug|Any CPU = Debug|Any CPU
		Release|Any CPU = Release|Any CPU
	EndGlobalSection
	GlobalSection(ProjectConfigurationPlatforms) = postSolution
		{2288451A-DE23-45DC-8E9B-3C894786D4D5}.Debug|Any CPU.ActiveCfg = Debug|Any CPU
		{2288451A-DE23-45DC-8E9B-3C894786D4D5}.Debug|Any CPU.Build.0 = Debug|Any CPU
		{2288451A-DE23-45DC-8E9B-3C894786D4D5}.Release|Any CPU.ActiveCfg = Release|Any CPU
		{2288451A-DE23-45DC-8E9B-3C894786D4D5}.Release|Any CPU.Build.0 = Release|Any CPU
		{B499B2AD-F1BE-4BC9-8C8F-777506F19E9D}.Debug|Any CPU.ActiveCfg = Debug|Any CPU
		{B499B2AD-F1BE-4BC9-8C8F-777506F19E9D}.Debug|Any CPU.Build.0 = Debug|Any CPU
		{B499B2AD-F1BE-4BC9-8C8F-777506F19E9D}.Release|Any CPU.ActiveCfg = Release|Any CPU
		{B499B2AD-F1BE-4BC9-8C8F-777506F19E9D}.Release|Any CPU.Build.0 = Release|Any CPU
		{89C24942-5743-40E2-9C04-15AF44F66093}.Debug|Any CPU.ActiveCfg = Debug|Any CPU
		{89C24942-5743-40E2-9C04-15AF44F66093}.Debug|Any CPU.Build.0 = Debug|Any CPU
		{89C24942-5743-40E2-9C04-15AF44F66093}.Release|Any CPU.ActiveCfg = Release|Any CPU
		{89C24942-5743-40E2-9C04-15AF44F66093}.Release|Any CPU.Build.0 = Release|Any CPU
		{2800C0B3-378B-4C42-A67E-3149DC848036}.Debug|Any CPU.ActiveCfg = Debug|Any CPU
		{2800C0B3-378B-4C42-A67E-3149DC848036}.Debug|Any CPU.Build.0 = Debug|Any CPU
		{2800C0B3-378B-4C42-A67E-3149DC848036}.Release|Any CPU.ActiveCfg = Release|Any CPU
		{2800C0B3-378B-4C42-A67E-3149DC848036}.Release|Any CPU.Build.0 = Release|Any CPU
	EndGlobalSection
	GlobalSection(SolutionProperties) = preSolution
		HideSolutionNode = FALSE
	EndGlobalSection
	GlobalSection(ExtensibilityGlobals) = postSolution
		SolutionGuid = {CDF49B33-6AE4-4C79-931D-332F78E9D530}
	EndGlobalSection
EndGlobal
